
Microsoft Visual Studio Solution File, Format Version 12.00
# Visual Studio Version 17
VisualStudioVersion = 17.13.35931.197 d17.13
MinimumVisualStudioVersion = 10.0.40219.1
Project("{FAE04EC0-301F-11D3-BF4B-00C04F79EFBC}") = "LibraryApi", "LibraryApi.csproj", "{724366CE-EDDE-4CFA-86E2-0F713C248D2B}"
EndProject
Global
	GlobalSection(SolutionConfigurationPlatforms) = preSolution
		Debug|Any CPU = Debug|Any CPU
		Release|Any CPU = Release|Any CPU
	EndGlobalSection
	GlobalSection(ProjectConfigurationPlatforms) = postSolution
		{724366CE-EDDE-4CFA-86E2-0F713C248D2B}.Debug|Any CPU.ActiveCfg = Debug|Any CPU
		{724366CE-EDDE-4CFA-86E2-0F713C248D2B}.Debug|Any CPU.Build.0 = Debug|Any CPU
		{724366CE-EDDE-4CFA-86E2-0F713C248D2B}.Release|Any CPU.ActiveCfg = Release|Any CPU
		{724366CE-EDDE-4CFA-86E2-0F713C248D2B}.Release|Any CPU.Build.0 = Release|Any CPU
	EndGlobalSection
	GlobalSection(SolutionProperties) = preSolution
		HideSolutionNode = FALSE
	EndGlobalSection
	GlobalSection(ExtensibilityGlobals) = postSolution
		SolutionGuid = {B8D07BB6-DCAE-4F1E-982E-C81D2DEDD3FD}
	EndGlobalSection
EndGlobal
